// !$*UTF8*$!
{
	archiveVersion = 1;
	classes = {
	};
	objectVersion = 46;
	objects = {

/* Begin PBXBuildFile section */
		49C3E1AB19F5F7E70045B623 /* main.m in Sources */ = {isa = PBXBuildFile; fileRef = 49C3E1AA19F5F7E70045B623 /* main.m */; };
		49C3E1AE19F5F7E70045B623 /* AppDelegate.m in Sources */ = {isa = PBXBuildFile; fileRef = 49C3E1AD19F5F7E70045B623 /* AppDelegate.m */; };
		49C3E1B119F5F7E70045B623 /* ViewController.m in Sources */ = {isa = PBXBuildFile; fileRef = 49C3E1B019F5F7E70045B623 /* ViewController.m */; };
		49C3E1B419F5F7E70045B623 /* Main.storyboard in Resources */ = {isa = PBXBuildFile; fileRef = 49C3E1B219F5F7E70045B623 /* Main.storyboard */; };
		49C3E1B619F5F7E70045B623 /* Images.xcassets in Resources */ = {isa = PBXBuildFile; fileRef = 49C3E1B519F5F7E70045B623 /* Images.xcassets */; };
		49C3E1B919F5F7E70045B623 /* LaunchScreen.xib in Resources */ = {isa = PBXBuildFile; fileRef = 49C3E1B719F5F7E70045B623 /* LaunchScreen.xib */; };
		49C3E1C519F5F7E70045B623 /* MultiplyTests.m in Sources */ = {isa = PBXBuildFile; fileRef = 49C3E1C419F5F7E70045B623 /* MultiplyTests.m */; };
/* End PBXBuildFile section */

/* Begin PBXContainerItemProxy section */
		49C3E1BF19F5F7E70045B623 /* PBXContainerItemProxy */ = {
			isa = PBXContainerItemProxy;
			containerPortal = 49C3E19D19F5F7E70045B623 /* Project object */;
			proxyType = 1;
			remoteGlobalIDString = 49C3E1A419F5F7E70045B623;
			remoteInfo = Multiply;
		};
/* End PBXContainerItemProxy section */

/* Begin PBXFileReference section */
		49C3E1A519F5F7E70045B623 /* Multiply.app */ = {isa = PBXFileReference; explicitFileType = wrapper.application; includeInIndex = 0; path = Multiply.app; sourceTree = BUILT_PRODUCTS_DIR; };
		49C3E1A919F5F7E70045B623 /* Info.plist */ = {isa = PBXFileReference; lastKnownFileType = text.plist.xml; path = Info.plist; sourceTree = "<group>"; };
		49C3E1AA19F5F7E70045B623 /* main.m */ = {isa = PBXFileReference; lastKnownFileType = sourcecode.c.objc; path = main.m; sourceTree = "<group>"; };
		49C3E1AC19F5F7E70045B623 /* AppDelegate.h */ = {isa = PBXFileReference; lastKnownFileType = sourcecode.c.h; path = AppDelegate.h; sourceTree = "<group>"; };
		49C3E1AD19F5F7E70045B623 /* AppDelegate.m */ = {isa = PBXFileReference; lastKnownFileType = sourcecode.c.objc; path = AppDelegate.m; sourceTree = "<group>"; };
		49C3E1AF19F5F7E70045B623 /* ViewController.h */ = {isa = PBXFileReference; lastKnownFileType = sourcecode.c.h; path = ViewController.h; sourceTree = "<group>"; };
		49C3E1B019F5F7E70045B623 /* ViewController.m */ = {isa = PBXFileReference; lastKnownFileType = sourcecode.c.objc; path = ViewController.m; sourceTree = "<group>"; };
		49C3E1B319F5F7E70045B623 /* Base */ = {isa = PBXFileReference; lastKnownFileType = file.storyboard; name = Base; path = Base.lproj/Main.storyboard; sourceTree = "<group>"; };
		49C3E1B519F5F7E70045B623 /* Images.xcassets */ = {isa = PBXFileReference; lastKnownFileType = folder.assetcatalog; path = Images.xcassets; sourceTree = "<group>"; };
		49C3E1B819F5F7E70045B623 /* Base */ = {isa = PBXFileReference; lastKnownFileType = file.xib; name = Base; path = Base.lproj/LaunchScreen.xib; sourceTree = "<group>"; };
		49C3E1BE19F5F7E70045B623 /* MultiplyTests.xctest */ = {isa = PBXFileReference; explicitFileType = wrapper.cfbundle; includeInIndex = 0; path = MultiplyTests.xctest; sourceTree = BUILT_PRODUCTS_DIR; };
		49C3E1C319F5F7E70045B623 /* Info.plist */ = {isa = PBXFileReference; lastKnownFileType = text.plist.xml; path = Info.plist; sourceTree = "<group>"; };
		49C3E1C419F5F7E70045B623 /* MultiplyTests.m */ = {isa = PBXFileReference; lastKnownFileType = sourcecode.c.objc; path = MultiplyTests.m; sourceTree = "<group>"; };
/* End PBXFileReference section */

/* Begin PBXFrameworksBuildPhase section */
		49C3E1A219F5F7E70045B623 /* Frameworks */ = {
			isa = PBXFrameworksBuildPhase;
			buildActionMask = 2147483647;
			files = (
			);
			runOnlyForDeploymentPostprocessing = 0;
		};
		49C3E1BB19F5F7E70045B623 /* Frameworks */ = {
			isa = PBXFrameworksBuildPhase;
			buildActionMask = 2147483647;
			files = (
			);
			runOnlyForDeploymentPostprocessing = 0;
		};
/* End PBXFrameworksBuildPhase section */

/* Begin PBXGroup section */
		49C3E19C19F5F7E70045B623 = {
			isa = PBXGroup;
			children = (
				49C3E1A719F5F7E70045B623 /* Multiply */,
				49C3E1C119F5F7E70045B623 /* MultiplyTests */,
				49C3E1A619F5F7E70045B623 /* Products */,
			);
			sourceTree = "<group>";
		};
		49C3E1A619F5F7E70045B623 /* Products */ = {
			isa = PBXGroup;
			children = (
				49C3E1A519F5F7E70045B623 /* Multiply.app */,
				49C3E1BE19F5F7E70045B623 /* MultiplyTests.xctest */,
			);
			name = Products;
			sourceTree = "<group>";
		};
		49C3E1A719F5F7E70045B623 /* Multiply */ = {
			isa = PBXGroup;
			children = (
				49C3E1AC19F5F7E70045B623 /* AppDelegate.h */,
				49C3E1AD19F5F7E70045B623 /* AppDelegate.m */,
				49C3E1AF19F5F7E70045B623 /* ViewController.h */,
				49C3E1B019F5F7E70045B623 /* ViewController.m */,
				49C3E1B219F5F7E70045B623 /* Main.storyboard */,
				49C3E1B519F5F7E70045B623 /* Images.xcassets */,
				49C3E1B719F5F7E70045B623 /* LaunchScreen.xib */,
				49C3E1A819F5F7E70045B623 /* Supporting Files */,
			);
			path = Multiply;
			sourceTree = "<group>";
		};
		49C3E1A819F5F7E70045B623 /* Supporting Files */ = {
			isa = PBXGroup;
			children = (
				49C3E1A919F5F7E70045B623 /* Info.plist */,
				49C3E1AA19F5F7E70045B623 /* main.m */,
			);
			name = "Supporting Files";
			sourceTree = "<group>";
		};
		49C3E1C119F5F7E70045B623 /* MultiplyTests */ = {
			isa = PBXGroup;
			children = (
				49C3E1C419F5F7E70045B623 /* MultiplyTests.m */,
				49C3E1C219F5F7E70045B623 /* Supporting Files */,
			);
			path = MultiplyTests;
			sourceTree = "<group>";
		};
		49C3E1C219F5F7E70045B623 /* Supporting Files */ = {
			isa = PBXGroup;
			children = (
				49C3E1C319F5F7E70045B623 /* Info.plist */,
			);
			name = "Supporting Files";
			sourceTree = "<group>";
		};
/* End PBXGroup section */

/* Begin PBXNativeTarget section */
		49C3E1A419F5F7E70045B623 /* Multiply */ = {
			isa = PBXNativeTarget;
			buildConfigurationList = 49C3E1C819F5F7E70045B623 /* Build configuration list for PBXNativeTarget "Multiply" */;
			buildPhases = (
				49C3E1A119F5F7E70045B623 /* Sources */,
				49C3E1A219F5F7E70045B623 /* Frameworks */,
				49C3E1A319F5F7E70045B623 /* Resources */,
			);
			buildRules = (
			);
			dependencies = (
			);
			name = Multiply;
			productName = Multiply;
			productReference = 49C3E1A519F5F7E70045B623 /* Multiply.app */;
			productType = "com.apple.product-type.application";
		};
		49C3E1BD19F5F7E70045B623 /* MultiplyTests */ = {
			isa = PBXNativeTarget;
			buildConfigurationList = 49C3E1CB19F5F7E70045B623 /* Build configuration list for PBXNativeTarget "MultiplyTests" */;
			buildPhases = (
				49C3E1BA19F5F7E70045B623 /* Sources */,
				49C3E1BB19F5F7E70045B623 /* Frameworks */,
				49C3E1BC19F5F7E70045B623 /* Resources */,
			);
			buildRules = (
			);
			dependencies = (
				49C3E1C019F5F7E70045B623 /* PBXTargetDependency */,
			);
			name = MultiplyTests;
			productName = MultiplyTests;
			productReference = 49C3E1BE19F5F7E70045B623 /* MultiplyTests.xctest */;
			productType = "com.apple.product-type.bundle.unit-test";
		};
/* End PBXNativeTarget section */

/* Begin PBXProject section */
		49C3E19D19F5F7E70045B623 /* Project object */ = {
			isa = PBXProject;
			attributes = {
				LastUpgradeCheck = 0600;
				ORGANIZATIONNAME = "Andrew Liu";
				TargetAttributes = {
					49C3E1A419F5F7E70045B623 = {
						CreatedOnToolsVersion = 6.0.1;
					};
					49C3E1BD19F5F7E70045B623 = {
						CreatedOnToolsVersion = 6.0.1;
						TestTargetID = 49C3E1A419F5F7E70045B623;
					};
				};
			};
			buildConfigurationList = 49C3E1A019F5F7E70045B623 /* Build configuration list for PBXProject "Multiply" */;
			compatibilityVersion = "Xcode 3.2";
			developmentRegion = English;
			hasScannedForEncodings = 0;
			knownRegions = (
				en,
				Base,
			);
			mainGroup = 49C3E19C19F5F7E70045B623;
			productRefGroup = 49C3E1A619F5F7E70045B623 /* Products */;
			projectDirPath = "";
			projectRoot = "";
			targets = (
				49C3E1A419F5F7E70045B623 /* Multiply */,
				49C3E1BD19F5F7E70045B623 /* MultiplyTests */,
			);
		};
/* End PBXProject section */

/* Begin PBXResourcesBuildPhase section */
		49C3E1A319F5F7E70045B623 /* Resources */ = {
			isa = PBXResourcesBuildPhase;
			buildActionMask = 2147483647;
			files = (
				49C3E1B419F5F7E70045B623 /* Main.storyboard in Resources */,
				49C3E1B919F5F7E70045B623 /* LaunchScreen.xib in Resources */,
				49C3E1B619F5F7E70045B623 /* Images.xcassets in Resources */,
			);
			runOnlyForDeploymentPostprocessing = 0;
		};
		49C3E1BC19F5F7E70045B623 /* Resources */ = {
			isa = PBXResourcesBuildPhase;
			buildActionMask = 2147483647;
			files = (
			);
			runOnlyForDeploymentPostprocessing = 0;
		};
/* End PBXResourcesBuildPhase section */

/* Begin PBXSourcesBuildPhase section */
		49C3E1A119F5F7E70045B623 /* Sources */ = {
			isa = PBXSourcesBuildPhase;
			buildActionMask = 2147483647;
			files = (
				49C3E1B119F5F7E70045B623 /* ViewController.m in Sources */,
				49C3E1AE19F5F7E70045B623 /* AppDelegate.m in Sources */,
				49C3E1AB19F5F7E70045B623 /* main.m in Sources */,
			);
			runOnlyForDeploymentPostprocessing = 0;
		};
		49C3E1BA19F5F7E70045B623 /* Sources */ = {
			isa = PBXSourcesBuildPhase;
			buildActionMask = 2147483647;
			files = (
				49C3E1C519F5F7E70045B623 /* MultiplyTests.m in Sources */,
			);
			runOnlyForDeploymentPostprocessing = 0;
		};
/* End PBXSourcesBuildPhase section */

/* Begin PBXTargetDependency section */
		49C3E1C019F5F7E70045B623 /* PBXTargetDependency */ = {
			isa = PBXTargetDependency;
			target = 49C3E1A419F5F7E70045B623 /* Multiply */;
			targetProxy = 49C3E1BF19F5F7E70045B623 /* PBXContainerItemProxy */;
		};
/* End PBXTargetDependency section */

/* Begin PBXVariantGroup section */
		49C3E1B219F5F7E70045B623 /* Main.storyboard */ = {
			isa = PBXVariantGroup;
			children = (
				49C3E1B319F5F7E70045B623 /* Base */,
			);
			name = Main.storyboard;
			sourceTree = "<group>";
		};
		49C3E1B719F5F7E70045B623 /* LaunchScreen.xib */ = {
			isa = PBXVariantGroup;
			children = (
				49C3E1B819F5F7E70045B623 /* Base */,
			);
			name = LaunchScreen.xib;
			sourceTree = "<group>";
		};
/* End PBXVariantGroup section */

/* Begin XCBuildConfiguration section */
		49C3E1C619F5F7E70045B623 /* Debug */ = {
			isa = XCBuildConfiguration;
			buildSettings = {
				ALWAYS_SEARCH_USER_PATHS = NO;
				CLANG_CXX_LANGUAGE_STANDARD = "gnu++0x";
				CLANG_CXX_LIBRARY = "libc++";
				CLANG_ENABLE_MODULES = YES;
				CLANG_ENABLE_OBJC_ARC = YES;
				CLANG_WARN_BOOL_CONVERSION = YES;
				CLANG_WARN_CONSTANT_CONVERSION = YES;
				CLANG_WARN_DIRECT_OBJC_ISA_USAGE = YES_ERROR;
				CLANG_WARN_EMPTY_BODY = YES;
				CLANG_WARN_ENUM_CONVERSION = YES;
				CLANG_WARN_INT_CONVERSION = YES;
				CLANG_WARN_OBJC_ROOT_CLASS = YES_ERROR;
				CLANG_WARN_UNREACHABLE_CODE = YES;
				CLANG_WARN__DUPLICATE_METHOD_MATCH = YES;
				"CODE_SIGN_IDENTITY[sdk=iphoneos*]" = "iPhone Developer";
				COPY_PHASE_STRIP = NO;
				ENABLE_STRICT_OBJC_MSGSEND = YES;
				GCC_C_LANGUAGE_STANDARD = gnu99;
				GCC_DYNAMIC_NO_PIC = NO;
				GCC_OPTIMIZATION_LEVEL = 0;
				GCC_PREPROCESSOR_DEFINITIONS = (
					"DEBUG=1",
					"$(inherited)",
				);
				GCC_SYMBOLS_PRIVATE_EXTERN = NO;
				GCC_WARN_64_TO_32_BIT_CONVERSION = YES;
				GCC_WARN_ABOUT_RETURN_TYPE = YES_ERROR;
				GCC_WARN_UNDECLARED_SELECTOR = YES;
				GCC_WARN_UNINITIALIZED_AUTOS = YES_AGGRESSIVE;
				GCC_WARN_UNUSED_FUNCTION = YES;
				GCC_WARN_UNUSED_VARIABLE = YES;
				IPHONEOS_DEPLOYMENT_TARGET = 8.0;
				MTL_ENABLE_DEBUG_INFO = YES;
				ONLY_ACTIVE_ARCH = YES;
				SDKROOT = iphoneos;
				TARGETED_DEVICE_FAMILY = "1,2";
			};
			name = Debug;
		};
		49C3E1C719F5F7E70045B623 /* Release */ = {
			isa = XCBuildConfiguration;
			buildSettings = {
				ALWAYS_SEARCH_USER_PATHS = NO;
				CLANG_CXX_LANGUAGE_STANDARD = "gnu++0x";
				CLANG_CXX_LIBRARY = "libc++";
				CLANG_ENABLE_MODULES = YES;
				CLANG_ENABLE_OBJC_ARC = YES;
				CLANG_WARN_BOOL_CONVERSION = YES;
				CLANG_WARN_CONSTANT_CONVERSION = YES;
				CLANG_WARN_DIRECT_OBJC_ISA_USAGE = YES_ERROR;
				CLANG_WARN_EMPTY_BODY = YES;
				CLANG_WARN_ENUM_CONVERSION = YES;
				CLANG_WARN_INT_CONVERSION = YES;
				CLANG_WARN_OBJC_ROOT_CLASS = YES_ERROR;
				CLANG_WARN_UNREACHABLE_CODE = YES;
				CLANG_WARN__DUPLICATE_METHOD_MATCH = YES;
				"CODE_SIGN_IDENTITY[sdk=iphoneos*]" = "iPhone Developer";
				COPY_PHASE_STRIP = YES;
				ENABLE_NS_ASSERTIONS = NO;
				ENABLE_STRICT_OBJC_MSGSEND = YES;
				GCC_C_LANGUAGE_STANDARD = gnu99;
				GCC_WARN_64_TO_32_BIT_CONVERSION = YES;
				GCC_WARN_ABOUT_RETURN_TYPE = YES_ERROR;
				GCC_WARN_UNDECLARED_SELECTOR = YES;
				GCC_WARN_UNINITIALIZED_AUTOS = YES_AGGRESSIVE;
				GCC_WARN_UNUSED_FUNCTION = YES;
				GCC_WARN_UNUSED_VARIABLE = YES;
				IPHONEOS_DEPLOYMENT_TARGET = 8.0;
				MTL_ENABLE_DEBUG_INFO = NO;
				SDKROOT = iphoneos;
				TARGETED_DEVICE_FAMILY = "1,2";
				VALIDATE_PRODUCT = YES;
			};
			name = Release;
		};
		49C3E1C919F5F7E70045B623 /* Debug */ = {
			isa = XCBuildConfiguration;
			buildSettings = {
				ASSETCATALOG_COMPILER_APPICON_NAME = AppIcon;
				INFOPLIST_FILE = Multiply/Info.plist;
				LD_RUNPATH_SEARCH_PATHS = "$(inherited) @executable_path/Frameworks";
				PRODUCT_NAME = "$(TARGET_NAME)";
			};
			name = Debug;
		};
		49C3E1CA19F5F7E70045B623 /* Release */ = {
			isa = XCBuildConfiguration;
			buildSettings = {
				ASSETCATALOG_COMPILER_APPICON_NAME = AppIcon;
				INFOPLIST_FILE = Multiply/Info.plist;
				LD_RUNPATH_SEARCH_PATHS = "$(inherited) @executable_path/Frameworks";
				PRODUCT_NAME = "$(TARGET_NAME)";
			};
			name = Release;
		};
		49C3E1CC19F5F7E70045B623 /* Debug */ = {
			isa = XCBuildConfiguration;
			buildSettings = {
				BUNDLE_LOADER = "$(TEST_HOST)";
				FRAMEWORK_SEARCH_PATHS = (
					"$(SDKROOT)/Developer/Library/Frameworks",
					"$(inherited)",
				);
				GCC_PREPROCESSOR_DEFINITIONS = (
					"DEBUG=1",
					"$(inherited)",
				);
				INFOPLIST_FILE = MultiplyTests/Info.plist;
				LD_RUNPATH_SEARCH_PATHS = "$(inherited) @executable_path/Frameworks @loader_path/Frameworks";
				PRODUCT_NAME = "$(TARGET_NAME)";
				TEST_HOST = "$(BUILT_PRODUCTS_DIR)/Multiply.app/Multiply";
			};
			name = Debug;
		};
		49C3E1CD19F5F7E70045B623 /* Release */ = {
			isa = XCBuildConfiguration;
			buildSettings = {
				BUNDLE_LOADER = "$(TEST_HOST)";
				FRAMEWORK_SEARCH_PATHS = (
					"$(SDKROOT)/Developer/Library/Frameworks",
					"$(inherited)",
				);
				INFOPLIST_FILE = MultiplyTests/Info.plist;
				LD_RUNPATH_SEARCH_PATHS = "$(inherited) @executable_path/Frameworks @loader_path/Frameworks";
				PRODUCT_NAME = "$(TARGET_NAME)";
				TEST_HOST = "$(BUILT_PRODUCTS_DIR)/Multiply.app/Multiply";
			};
			name = Release;
		};
/* End XCBuildConfiguration section */

/* Begin XCConfigurationList section */
		49C3E1A019F5F7E70045B623 /* Build configuration list for PBXProject "Multiply" */ = {
			isa = XCConfigurationList;
			buildConfigurations = (
				49C3E1C619F5F7E70045B623 /* Debug */,
				49C3E1C719F5F7E70045B623 /* Release */,
			);
			defaultConfigurationIsVisible = 0;
			defaultConfigurationName = Release;
		};
		49C3E1C819F5F7E70045B623 /* Build configuration list for PBXNativeTarget "Multiply" */ = {
			isa = XCConfigurationList;
			buildConfigurations = (
				49C3E1C919F5F7E70045B623 /* Debug */,
				49C3E1CA19F5F7E70045B623 /* Release */,
			);
			defaultConfigurationIsVisible = 0;
		};
		49C3E1CB19F5F7E70045B623 /* Build configuration list for PBXNativeTarget "MultiplyTests" */ = {
			isa = XCConfigurationList;
			buildConfigurations = (
				49C3E1CC19F5F7E70045B623 /* Debug */,
				49C3E1CD19F5F7E70045B623 /* Release */,
			);
			defaultConfigurationIsVisible = 0;
		};
/* End XCConfigurationList section */
	};
	rootObject = 49C3E19D19F5F7E70045B623 /* Project object */;
}
